// !$*UTF8*$!
{
	archiveVersion = 1;
	classes = {
	};
	objectVersion = 77;
	objects = {

/* Begin PBXContainerItemProxy section */
		1A266AD02DBCFA6A005C4F12 /* PBXContainerItemProxy */ = {
			isa = PBXContainerItemProxy;
			containerPortal = 1A266AB92DBCFA67005C4F12 /* Project object */;
			proxyType = 1;
			remoteGlobalIDString = 1A266AC02DBCFA67005C4F12;
			remoteInfo = FinderExtensionConvertGIF;
		};
		1A266ADA2DBCFA6A005C4F12 /* PBXContainerItemProxy */ = {
			isa = PBXContainerItemProxy;
			containerPortal = 1A266AB92DBCFA67005C4F12 /* Project object */;
			proxyType = 1;
			remoteGlobalIDString = 1A266AC02DBCFA67005C4F12;
			remoteInfo = FinderExtensionConvertGIF;
		};
/* End PBXContainerItemProxy section */

/* Begin PBXFileReference section */
		1A266AC12DBCFA67005C4F12 /* FinderExtensionConvertGIF.app */ = {isa = PBXFileReference; explicitFileType = wrapper.application; includeInIndex = 0; path = FinderExtensionConvertGIF.app; sourceTree = BUILT_PRODUCTS_DIR; };
		1A266ACF2DBCFA6A005C4F12 /* FinderExtensionConvertGIFTests.xctest */ = {isa = PBXFileReference; explicitFileType = wrapper.cfbundle; includeInIndex = 0; path = FinderExtensionConvertGIFTests.xctest; sourceTree = BUILT_PRODUCTS_DIR; };
		1A266AD92DBCFA6A005C4F12 /* FinderExtensionConvertGIFUITests.xctest */ = {isa = PBXFileReference; explicitFileType = wrapper.cfbundle; includeInIndex = 0; path = FinderExtensionConvertGIFUITests.xctest; sourceTree = BUILT_PRODUCTS_DIR; };
/* End PBXFileReference section */

/* Begin PBXFileSystemSynchronizedRootGroup section */
		1A266AC32DBCFA67005C4F12 /* FinderExtensionConvertGIF */ = {
			isa = PBXFileSystemSynchronizedRootGroup;
			path = FinderExtensionConvertGIF;
			sourceTree = "<group>";
		};
		1A266AD22DBCFA6A005C4F12 /* FinderExtensionConvertGIFTests */ = {
			isa = PBXFileSystemSynchronizedRootGroup;
			path = FinderExtensionConvertGIFTests;
			sourceTree = "<group>";
		};
		1A266ADC2DBCFA6A005C4F12 /* FinderExtensionConvertGIFUITests */ = {
			isa = PBXFileSystemSynchronizedRootGroup;
			path = FinderExtensionConvertGIFUITests;
			sourceTree = "<group>";
		};
/* End PBXFileSystemSynchronizedRootGroup section */

/* Begin PBXFrameworksBuildPhase section */
		1A266ABE2DBCFA67005C4F12 /* Frameworks */ = {
			isa = PBXFrameworksBuildPhase;
			buildActionMask = 2147483647;
			files = (
			);
			runOnlyForDeploymentPostprocessing = 0;
		};
		1A266ACC2DBCFA6A005C4F12 /* Frameworks */ = {
			isa = PBXFrameworksBuildPhase;
			buildActionMask = 2147483647;
			files = (
			);
			runOnlyForDeploymentPostprocessing = 0;
		};
		1A266AD62DBCFA6A005C4F12 /* Frameworks */ = {
			isa = PBXFrameworksBuildPhase;
			buildActionMask = 2147483647;
			files = (
			);
			runOnlyForDeploymentPostprocessing = 0;
		};
/* End PBXFrameworksBuildPhase section */

/* Begin PBXGroup section */
		1A266AB82DBCFA67005C4F12 = {
			isa = PBXGroup;
			children = (
				1A266AC32DBCFA67005C4F12 /* FinderExtensionConvertGIF */,
				1A266AD22DBCFA6A005C4F12 /* FinderExtensionConvertGIFTests */,
				1A266ADC2DBCFA6A005C4F12 /* FinderExtensionConvertGIFUITests */,
				1A266AC22DBCFA67005C4F12 /* Products */,
			);
			sourceTree = "<group>";
		};
		1A266AC22DBCFA67005C4F12 /* Products */ = {
			isa = PBXGroup;
			children = (
				1A266AC12DBCFA67005C4F12 /* FinderExtensionConvertGIF.app */,
				1A266ACF2DBCFA6A005C4F12 /* FinderExtensionConvertGIFTests.xctest */,
				1A266AD92DBCFA6A005C4F12 /* FinderExtensionConvertGIFUITests.xctest */,
			);
			name = Products;
			sourceTree = "<group>";
		};
/* End PBXGroup section */

/* Begin PBXNativeTarget section */
		1A266AC02DBCFA67005C4F12 /* FinderExtensionConvertGIF */ = {
			isa = PBXNativeTarget;
			buildConfigurationList = 1A266AE32DBCFA6A005C4F12 /* Build configuration list for PBXNativeTarget "FinderExtensionConvertGIF" */;
			buildPhases = (
				1A266ABD2DBCFA67005C4F12 /* Sources */,
				1A266ABE2DBCFA67005C4F12 /* Frameworks */,
				1A266ABF2DBCFA67005C4F12 /* Resources */,
			);
			buildRules = (
			);
			dependencies = (
			);
			fileSystemSynchronizedGroups = (
				1A266AC32DBCFA67005C4F12 /* FinderExtensionConvertGIF */,
			);
			name = FinderExtensionConvertGIF;
			packageProductDependencies = (
			);
			productName = FinderExtensionConvertGIF;
			productReference = 1A266AC12DBCFA67005C4F12 /* FinderExtensionConvertGIF.app */;
			productType = "com.apple.product-type.application";
		};
		1A266ACE2DBCFA6A005C4F12 /* FinderExtensionConvertGIFTests */ = {
			isa = PBXNativeTarget;
			buildConfigurationList = 1A266AE62DBCFA6A005C4F12 /* Build configuration list for PBXNativeTarget "FinderExtensionConvertGIFTests" */;
			buildPhases = (
				1A266ACB2DBCFA6A005C4F12 /* Sources */,
				1A266ACC2DBCFA6A005C4F12 /* Frameworks */,
				1A266ACD2DBCFA6A005C4F12 /* Resources */,
			);
			buildRules = (
			);
			dependencies = (
				1A266AD12DBCFA6A005C4F12 /* PBXTargetDependency */,
			);
			fileSystemSynchronizedGroups = (
				1A266AD22DBCFA6A005C4F12 /* FinderExtensionConvertGIFTests */,
			);
			name = FinderExtensionConvertGIFTests;
			packageProductDependencies = (
			);
			productName = FinderExtensionConvertGIFTests;
			productReference = 1A266ACF2DBCFA6A005C4F12 /* FinderExtensionConvertGIFTests.xctest */;
			productType = "com.apple.product-type.bundle.unit-test";
		};
		1A266AD82DBCFA6A005C4F12 /* FinderExtensionConvertGIFUITests */ = {
			isa = PBXNativeTarget;
			buildConfigurationList = 1A266AE92DBCFA6A005C4F12 /* Build configuration list for PBXNativeTarget "FinderExtensionConvertGIFUITests" */;
			buildPhases = (
				1A266AD52DBCFA6A005C4F12 /* Sources */,
				1A266AD62DBCFA6A005C4F12 /* Frameworks */,
				1A266AD72DBCFA6A005C4F12 /* Resources */,
			);
			buildRules = (
			);
			dependencies = (
				1A266ADB2DBCFA6A005C4F12 /* PBXTargetDependency */,
			);
			fileSystemSynchronizedGroups = (
				1A266ADC2DBCFA6A005C4F12 /* FinderExtensionConvertGIFUITests */,
			);
			name = FinderExtensionConvertGIFUITests;
			packageProductDependencies = (
			);
			productName = FinderExtensionConvertGIFUITests;
			productReference = 1A266AD92DBCFA6A005C4F12 /* FinderExtensionConvertGIFUITests.xctest */;
			productType = "com.apple.product-type.bundle.ui-testing";
		};
/* End PBXNativeTarget section */

/* Begin PBXProject section */
		1A266AB92DBCFA67005C4F12 /* Project object */ = {
			isa = PBXProject;
			attributes = {
				BuildIndependentTargetsInParallel = 1;
				LastSwiftUpdateCheck = 1630;
				LastUpgradeCheck = 1630;
				TargetAttributes = {
					1A266AC02DBCFA67005C4F12 = {
						CreatedOnToolsVersion = 16.3;
					};
					1A266ACE2DBCFA6A005C4F12 = {
						CreatedOnToolsVersion = 16.3;
						TestTargetID = 1A266AC02DBCFA67005C4F12;
					};
					1A266AD82DBCFA6A005C4F12 = {
						CreatedOnToolsVersion = 16.3;
						TestTargetID = 1A266AC02DBCFA67005C4F12;
					};
				};
			};
			buildConfigurationList = 1A266ABC2DBCFA67005C4F12 /* Build configuration list for PBXProject "FinderExtensionConvertGIF" */;
			developmentRegion = en;
			hasScannedForEncodings = 0;
			knownRegions = (
				en,
				Base,
			);
			mainGroup = 1A266AB82DBCFA67005C4F12;
			minimizedProjectReferenceProxies = 1;
			preferredProjectObjectVersion = 77;
			productRefGroup = 1A266AC22DBCFA67005C4F12 /* Products */;
			projectDirPath = "";
			projectRoot = "";
			targets = (
				1A266AC02DBCFA67005C4F12 /* FinderExtensionConvertGIF */,
				1A266ACE2DBCFA6A005C4F12 /* FinderExtensionConvertGIFTests */,
				1A266AD82DBCFA6A005C4F12 /* FinderExtensionConvertGIFUITests */,
			);
		};
/* End PBXProject section */

/* Begin PBXResourcesBuildPhase section */
		1A266ABF2DBCFA67005C4F12 /* Resources */ = {
			isa = PBXResourcesBuildPhase;
			buildActionMask = 2147483647;
			files = (
			);
			runOnlyForDeploymentPostprocessing = 0;
		};
		1A266ACD2DBCFA6A005C4F12 /* Resources */ = {
			isa = PBXResourcesBuildPhase;
			buildActionMask = 2147483647;
			files = (
			);
			runOnlyForDeploymentPostprocessing = 0;
		};
		1A266AD72DBCFA6A005C4F12 /* Resources */ = {
			isa = PBXResourcesBuildPhase;
			buildActionMask = 2147483647;
			files = (
			);
			runOnlyForDeploymentPostprocessing = 0;
		};
/* End PBXResourcesBuildPhase section */

/* Begin PBXSourcesBuildPhase section */
		1A266ABD2DBCFA67005C4F12 /* Sources */ = {
			isa = PBXSourcesBuildPhase;
			buildActionMask = 2147483647;
			files = (
			);
			runOnlyForDeploymentPostprocessing = 0;
		};
		1A266ACB2DBCFA6A005C4F12 /* Sources */ = {
			isa = PBXSourcesBuildPhase;
			buildActionMask = 2147483647;
			files = (
			);
			runOnlyForDeploymentPostprocessing = 0;
		};
		1A266AD52DBCFA6A005C4F12 /* Sources */ = {
			isa = PBXSourcesBuildPhase;
			buildActionMask = 2147483647;
			files = (
			);
			runOnlyForDeploymentPostprocessing = 0;
		};
/* End PBXSourcesBuildPhase section */

/* Begin PBXTargetDependency section */
		1A266AD12DBCFA6A005C4F12 /* PBXTargetDependency */ = {
			isa = PBXTargetDependency;
			target = 1A266AC02DBCFA67005C4F12 /* FinderExtensionConvertGIF */;
			targetProxy = 1A266AD02DBCFA6A005C4F12 /* PBXContainerItemProxy */;
		};
		1A266ADB2DBCFA6A005C4F12 /* PBXTargetDependency */ = {
			isa = PBXTargetDependency;
			target = 1A266AC02DBCFA67005C4F12 /* FinderExtensionConvertGIF */;
			targetProxy = 1A266ADA2DBCFA6A005C4F12 /* PBXContainerItemProxy */;
		};
/* End PBXTargetDependency section */

/* Begin XCBuildConfiguration section */
		1A266AE12DBCFA6A005C4F12 /* Debug */ = {
			isa = XCBuildConfiguration;
			buildSettings = {
				ALWAYS_SEARCH_USER_PATHS = NO;
				ASSETCATALOG_COMPILER_GENERATE_SWIFT_ASSET_SYMBOL_EXTENSIONS = YES;
				CLANG_ANALYZER_NONNULL = YES;
				CLANG_ANALYZER_NUMBER_OBJECT_CONVERSION = YES_AGGRESSIVE;
				CLANG_CXX_LANGUAGE_STANDARD = "gnu++20";
				CLANG_ENABLE_MODULES = YES;
				CLANG_ENABLE_OBJC_ARC = YES;
				CLANG_ENABLE_OBJC_WEAK = YES;
				CLANG_WARN_BLOCK_CAPTURE_AUTORELEASING = YES;
				CLANG_WARN_BOOL_CONVERSION = YES;
				CLANG_WARN_COMMA = YES;
				CLANG_WARN_CONSTANT_CONVERSION = YES;
				CLANG_WARN_DEPRECATED_OBJC_IMPLEMENTATIONS = YES;
				CLANG_WARN_DIRECT_OBJC_ISA_USAGE = YES_ERROR;
				CLANG_WARN_DOCUMENTATION_COMMENTS = YES;
				CLANG_WARN_EMPTY_BODY = YES;
				CLANG_WARN_ENUM_CONVERSION = YES;
				CLANG_WARN_INFINITE_RECURSION = YES;
				CLANG_WARN_INT_CONVERSION = YES;
				CLANG_WARN_NON_LITERAL_NULL_CONVERSION = YES;
				CLANG_WARN_OBJC_IMPLICIT_RETAIN_SELF = YES;
				CLANG_WARN_OBJC_LITERAL_CONVERSION = YES;
				CLANG_WARN_OBJC_ROOT_CLASS = YES_ERROR;
				CLANG_WARN_QUOTED_INCLUDE_IN_FRAMEWORK_HEADER = YES;
				CLANG_WARN_RANGE_LOOP_ANALYSIS = YES;
				CLANG_WARN_STRICT_PROTOTYPES = YES;
				CLANG_WARN_SUSPICIOUS_MOVE = YES;
				CLANG_WARN_UNGUARDED_AVAILABILITY = YES_AGGRESSIVE;
				CLANG_WARN_UNREACHABLE_CODE = YES;
				CLANG_WARN__DUPLICATE_METHOD_MATCH = YES;
				COPY_PHASE_STRIP = NO;
				DEBUG_INFORMATION_FORMAT = dwarf;
				ENABLE_STRICT_OBJC_MSGSEND = YES;
				ENABLE_TESTABILITY = YES;
				ENABLE_USER_SCRIPT_SANDBOXING = YES;
				GCC_C_LANGUAGE_STANDARD = gnu17;
				GCC_DYNAMIC_NO_PIC = NO;
				GCC_NO_COMMON_BLOCKS = YES;
				GCC_OPTIMIZATION_LEVEL = 0;
				GCC_PREPROCESSOR_DEFINITIONS = (
					"DEBUG=1",
					"$(inherited)",
				);
				GCC_WARN_64_TO_32_BIT_CONVERSION = YES;
				GCC_WARN_ABOUT_RETURN_TYPE = YES_ERROR;
				GCC_WARN_UNDECLARED_SELECTOR = YES;
				GCC_WARN_UNINITIALIZED_AUTOS = YES_AGGRESSIVE;
				GCC_WARN_UNUSED_FUNCTION = YES;
				GCC_WARN_UNUSED_VARIABLE = YES;
				LOCALIZATION_PREFERS_STRING_CATALOGS = YES;
				MACOSX_DEPLOYMENT_TARGET = 15.4;
				MTL_ENABLE_DEBUG_INFO = INCLUDE_SOURCE;
				MTL_FAST_MATH = YES;
				ONLY_ACTIVE_ARCH = YES;
				SDKROOT = macosx;
				SWIFT_ACTIVE_COMPILATION_CONDITIONS = "DEBUG $(inherited)";
				SWIFT_OPTIMIZATION_LEVEL = "-Onone";
			};
			name = Debug;
		};
		1A266AE22DBCFA6A005C4F12 /* Release */ = {
			isa = XCBuildConfiguration;
			buildSettings = {
				ALWAYS_SEARCH_USER_PATHS = NO;
				ASSETCATALOG_COMPILER_GENERATE_SWIFT_ASSET_SYMBOL_EXTENSIONS = YES;
				CLANG_ANALYZER_NONNULL = YES;
				CLANG_ANALYZER_NUMBER_OBJECT_CONVERSION = YES_AGGRESSIVE;
				CLANG_CXX_LANGUAGE_STANDARD = "gnu++20";
				CLANG_ENABLE_MODULES = YES;
				CLANG_ENABLE_OBJC_ARC = YES;
				CLANG_ENABLE_OBJC_WEAK = YES;
				CLANG_WARN_BLOCK_CAPTURE_AUTORELEASING = YES;
				CLANG_WARN_BOOL_CONVERSION = YES;
				CLANG_WARN_COMMA = YES;
				CLANG_WARN_CONSTANT_CONVERSION = YES;
				CLANG_WARN_DEPRECATED_OBJC_IMPLEMENTATIONS = YES;
				CLANG_WARN_DIRECT_OBJC_ISA_USAGE = YES_ERROR;
				CLANG_WARN_DOCUMENTATION_COMMENTS = YES;
				CLANG_WARN_EMPTY_BODY = YES;
				CLANG_WARN_ENUM_CONVERSION = YES;
				CLANG_WARN_INFINITE_RECURSION = YES;
				CLANG_WARN_INT_CONVERSION = YES;
				CLANG_WARN_NON_LITERAL_NULL_CONVERSION = YES;
				CLANG_WARN_OBJC_IMPLICIT_RETAIN_SELF = YES;
				CLANG_WARN_OBJC_LITERAL_CONVERSION = YES;
				CLANG_WARN_OBJC_ROOT_CLASS = YES_ERROR;
				CLANG_WARN_QUOTED_INCLUDE_IN_FRAMEWORK_HEADER = YES;
				CLANG_WARN_RANGE_LOOP_ANALYSIS = YES;
				CLANG_WARN_STRICT_PROTOTYPES = YES;
				CLANG_WARN_SUSPICIOUS_MOVE = YES;
				CLANG_WARN_UNGUARDED_AVAILABILITY = YES_AGGRESSIVE;
				CLANG_WARN_UNREACHABLE_CODE = YES;
				CLANG_WARN__DUPLICATE_METHOD_MATCH = YES;
				COPY_PHASE_STRIP = NO;
				DEBUG_INFORMATION_FORMAT = "dwarf-with-dsym";
				ENABLE_NS_ASSERTIONS = NO;
				ENABLE_STRICT_OBJC_MSGSEND = YES;
				ENABLE_USER_SCRIPT_SANDBOXING = YES;
				GCC_C_LANGUAGE_STANDARD = gnu17;
				GCC_NO_COMMON_BLOCKS = YES;
				GCC_WARN_64_TO_32_BIT_CONVERSION = YES;
				GCC_WARN_ABOUT_RETURN_TYPE = YES_ERROR;
				GCC_WARN_UNDECLARED_SELECTOR = YES;
				GCC_WARN_UNINITIALIZED_AUTOS = YES_AGGRESSIVE;
				GCC_WARN_UNUSED_FUNCTION = YES;
				GCC_WARN_UNUSED_VARIABLE = YES;
				LOCALIZATION_PREFERS_STRING_CATALOGS = YES;
				MACOSX_DEPLOYMENT_TARGET = 15.4;
				MTL_ENABLE_DEBUG_INFO = NO;
				MTL_FAST_MATH = YES;
				SDKROOT = macosx;
				SWIFT_COMPILATION_MODE = wholemodule;
			};
			name = Release;
		};
		1A266AE42DBCFA6A005C4F12 /* Debug */ = {
			isa = XCBuildConfiguration;
			buildSettings = {
				ASSETCATALOG_COMPILER_APPICON_NAME = AppIcon;
				ASSETCATALOG_COMPILER_GLOBAL_ACCENT_COLOR_NAME = AccentColor;
				CODE_SIGN_ENTITLEMENTS = FinderExtensionConvertGIF/FinderExtensionConvertGIF.entitlements;
				CODE_SIGN_STYLE = Automatic;
				COMBINE_HIDPI_IMAGES = YES;
				CURRENT_PROJECT_VERSION = 1;
				ENABLE_PREVIEWS = YES;
				GENERATE_INFOPLIST_FILE = YES;
				INFOPLIST_KEY_NSHumanReadableCopyright = "";
				LD_RUNPATH_SEARCH_PATHS = (
					"$(inherited)",
					"@executable_path/../Frameworks",
				);
				MARKETING_VERSION = 1.0;
				PRODUCT_BUNDLE_IDENTIFIER = evesq.com.FinderExtensionConvertGIF;
				PRODUCT_NAME = "$(TARGET_NAME)";
				REGISTER_APP_GROUPS = YES;
				SWIFT_EMIT_LOC_STRINGS = YES;
				SWIFT_VERSION = 5.0;
			};
			name = Debug;
		};
		1A266AE52DBCFA6A005C4F12 /* Release */ = {
			isa = XCBuildConfiguration;
			buildSettings = {
				ASSETCATALOG_COMPILER_APPICON_NAME = AppIcon;
				ASSETCATALOG_COMPILER_GLOBAL_ACCENT_COLOR_NAME = AccentColor;
				CODE_SIGN_ENTITLEMENTS = FinderExtensionConvertGIF/FinderExtensionConvertGIF.entitlements;
				CODE_SIGN_STYLE = Automatic;
				COMBINE_HIDPI_IMAGES = YES;
				CURRENT_PROJECT_VERSION = 1;
				ENABLE_PREVIEWS = YES;
				GENERATE_INFOPLIST_FILE = YES;
				INFOPLIST_KEY_NSHumanReadableCopyright = "";
				LD_RUNPATH_SEARCH_PATHS = (
					"$(inherited)",
					"@executable_path/../Frameworks",
				);
				MARKETING_VERSION = 1.0;
				PRODUCT_BUNDLE_IDENTIFIER = evesq.com.FinderExtensionConvertGIF;
				PRODUCT_NAME = "$(TARGET_NAME)";
				REGISTER_APP_GROUPS = YES;
				SWIFT_EMIT_LOC_STRINGS = YES;
				SWIFT_VERSION = 5.0;
			};
			name = Release;
		};
		1A266AE72DBCFA6A005C4F12 /* Debug */ = {
			isa = XCBuildConfiguration;
			buildSettings = {
				BUNDLE_LOADER = "$(TEST_HOST)";
				CODE_SIGN_STYLE = Automatic;
				CURRENT_PROJECT_VERSION = 1;
				GENERATE_INFOPLIST_FILE = YES;
				MACOSX_DEPLOYMENT_TARGET = 15.4;
				MARKETING_VERSION = 1.0;
				PRODUCT_BUNDLE_IDENTIFIER = evesq.com.FinderExtensionConvertGIFTests;
				PRODUCT_NAME = "$(TARGET_NAME)";
				SWIFT_EMIT_LOC_STRINGS = NO;
				SWIFT_VERSION = 5.0;
				TEST_HOST = "$(BUILT_PRODUCTS_DIR)/FinderExtensionConvertGIF.app/$(BUNDLE_EXECUTABLE_FOLDER_PATH)/FinderExtensionConvertGIF";
			};
			name = Debug;
		};
		1A266AE82DBCFA6A005C4F12 /* Release */ = {
			isa = XCBuildConfiguration;
			buildSettings = {
				BUNDLE_LOADER = "$(TEST_HOST)";
				CODE_SIGN_STYLE = Automatic;
				CURRENT_PROJECT_VERSION = 1;
				GENERATE_INFOPLIST_FILE = YES;
				MACOSX_DEPLOYMENT_TARGET = 15.4;
				MARKETING_VERSION = 1.0;
				PRODUCT_BUNDLE_IDENTIFIER = evesq.com.FinderExtensionConvertGIFTests;
				PRODUCT_NAME = "$(TARGET_NAME)";
				SWIFT_EMIT_LOC_STRINGS = NO;
				SWIFT_VERSION = 5.0;
				TEST_HOST = "$(BUILT_PRODUCTS_DIR)/FinderExtensionConvertGIF.app/$(BUNDLE_EXECUTABLE_FOLDER_PATH)/FinderExtensionConvertGIF";
			};
			name = Release;
		};
		1A266AEA2DBCFA6A005C4F12 /* Debug */ = {
			isa = XCBuildConfiguration;
			buildSettings = {
				CODE_SIGN_STYLE = Automatic;
				CURRENT_PROJECT_VERSION = 1;
				GENERATE_INFOPLIST_FILE = YES;
				MARKETING_VERSION = 1.0;
				PRODUCT_BUNDLE_IDENTIFIER = evesq.com.FinderExtensionConvertGIFUITests;
				PRODUCT_NAME = "$(TARGET_NAME)";
				SWIFT_EMIT_LOC_STRINGS = NO;
				SWIFT_VERSION = 5.0;
				TEST_TARGET_NAME = FinderExtensionConvertGIF;
			};
			name = Debug;
		};
		1A266AEB2DBCFA6A005C4F12 /* Release */ = {
			isa = XCBuildConfiguration;
			buildSettings = {
				CODE_SIGN_STYLE = Automatic;
				CURRENT_PROJECT_VERSION = 1;
				GENERATE_INFOPLIST_FILE = YES;
				MARKETING_VERSION = 1.0;
				PRODUCT_BUNDLE_IDENTIFIER = evesq.com.FinderExtensionConvertGIFUITests;
				PRODUCT_NAME = "$(TARGET_NAME)";
				SWIFT_EMIT_LOC_STRINGS = NO;
				SWIFT_VERSION = 5.0;
				TEST_TARGET_NAME = FinderExtensionConvertGIF;
			};
			name = Release;
		};
/* End XCBuildConfiguration section */

/* Begin XCConfigurationList section */
		1A266ABC2DBCFA67005C4F12 /* Build configuration list for PBXProject "FinderExtensionConvertGIF" */ = {
			isa = XCConfigurationList;
			buildConfigurations = (
				1A266AE12DBCFA6A005C4F12 /* Debug */,
				1A266AE22DBCFA6A005C4F12 /* Release */,
			);
			defaultConfigurationIsVisible = 0;
			defaultConfigurationName = Release;
		};
		1A266AE32DBCFA6A005C4F12 /* Build configuration list for PBXNativeTarget "FinderExtensionConvertGIF" */ = {
			isa = XCConfigurationList;
			buildConfigurations = (
				1A266AE42DBCFA6A005C4F12 /* Debug */,
				1A266AE52DBCFA6A005C4F12 /* Release */,
			);
			defaultConfigurationIsVisible = 0;
			defaultConfigurationName = Release;
		};
		1A266AE62DBCFA6A005C4F12 /* Build configuration list for PBXNativeTarget "FinderExtensionConvertGIFTests" */ = {
			isa = XCConfigurationList;
			buildConfigurations = (
				1A266AE72DBCFA6A005C4F12 /* Debug */,
				1A266AE82DBCFA6A005C4F12 /* Release */,
			);
			defaultConfigurationIsVisible = 0;
			defaultConfigurationName = Release;
		};
		1A266AE92DBCFA6A005C4F12 /* Build configuration list for PBXNativeTarget "FinderExtensionConvertGIFUITests" */ = {
			isa = XCConfigurationList;
			buildConfigurations = (
				1A266AEA2DBCFA6A005C4F12 /* Debug */,
				1A266AEB2DBCFA6A005C4F12 /* Release */,
			);
			defaultConfigurationIsVisible = 0;
			defaultConfigurationName = Release;
		};
/* End XCConfigurationList section */
	};
	rootObject = 1A266AB92DBCFA67005C4F12 /* Project object */;
}
